
Microsoft Visual Studio Solution File, Format Version 12.00
# Visual Studio Version 16
VisualStudioVersion = 16.0.31229.75
MinimumVisualStudioVersion = 10.0.40219.1
Project("{FAE04EC0-301F-11D3-BF4B-00C04F79EFBC}") = "Treinamento_01", "Treinamento_01\Treinamento_01.csproj", "{9B32C25D-169E-4515-AFC0-F35B5F4285A7}"
EndProject
Global
	GlobalSection(SolutionConfigurationPlatforms) = preSolution
		Debug|Any CPU = Debug|Any CPU
		Release|Any CPU = Release|Any CPU
	EndGlobalSection
	GlobalSection(ProjectConfigurationPlatforms) = postSolution
		{9B32C25D-169E-4515-AFC0-F35B5F4285A7}.Debug|Any CPU.ActiveCfg = Debug|Any CPU
		{9B32C25D-169E-4515-AFC0-F35B5F4285A7}.Debug|Any CPU.Build.0 = Debug|Any CPU
		{9B32C25D-169E-4515-AFC0-F35B5F4285A7}.Release|Any CPU.ActiveCfg = Release|Any CPU
		{9B32C25D-169E-4515-AFC0-F35B5F4285A7}.Release|Any CPU.Build.0 = Release|Any CPU
	EndGlobalSection
	GlobalSection(SolutionProperties) = preSolution
		HideSolutionNode = FALSE
	EndGlobalSection
	GlobalSection(ExtensibilityGlobals) = postSolution
		SolutionGuid = {0047F064-3883-44AB-973F-785B9025F76C}
	EndGlobalSection
EndGlobal
